
Microsoft Visual Studio Solution File, Format Version 12.00
# Visual Studio Version 16
VisualStudioVersion = 16.0.31605.320
MinimumVisualStudioVersion = 10.0.40219.1
Project("{9A19103F-16F7-4668-BE54-9A1E7A4F7556}") = "PriceCollector.Core", "PriceCollector.Core\PriceCollector.Core.csproj", "{20B94F75-852D-437B-97E3-8396129AC612}"
EndProject
Project("{9A19103F-16F7-4668-BE54-9A1E7A4F7556}") = "PriceCollector.Collector", "PriceCollector.Collector\PriceCollector.Collector.csproj", "{640E114E-5AE9-4B29-839A-0D8492DF6935}"
EndProject
Project("{FAE04EC0-301F-11D3-BF4B-00C04F79EFBC}") = "PriceCollector.CollectorStgPro", "PriceCollector.CollectorStgPro\PriceCollector.CollectorStgPro.csproj", "{FC5DBE32-BB54-4972-9383-3E2BA9239C28}"
EndProject
Global
	GlobalSection(SolutionConfigurationPlatforms) = preSolution
		Debug|Any CPU = Debug|Any CPU
		Release|Any CPU = Release|Any CPU
	EndGlobalSection
	GlobalSection(ProjectConfigurationPlatforms) = postSolution
		{20B94F75-852D-437B-97E3-8396129AC612}.Debug|Any CPU.ActiveCfg = Debug|Any CPU
		{20B94F75-852D-437B-97E3-8396129AC612}.Debug|Any CPU.Build.0 = Debug|Any CPU
		{20B94F75-852D-437B-97E3-8396129AC612}.Release|Any CPU.ActiveCfg = Release|Any CPU
		{20B94F75-852D-437B-97E3-8396129AC612}.Release|Any CPU.Build.0 = Release|Any CPU
		{640E114E-5AE9-4B29-839A-0D8492DF6935}.Debug|Any CPU.ActiveCfg = Debug|Any CPU
		{640E114E-5AE9-4B29-839A-0D8492DF6935}.Debug|Any CPU.Build.0 = Debug|Any CPU
		{640E114E-5AE9-4B29-839A-0D8492DF6935}.Release|Any CPU.ActiveCfg = Release|Any CPU
		{640E114E-5AE9-4B29-839A-0D8492DF6935}.Release|Any CPU.Build.0 = Release|Any CPU
		{FC5DBE32-BB54-4972-9383-3E2BA9239C28}.Debug|Any CPU.ActiveCfg = Debug|Any CPU
		{FC5DBE32-BB54-4972-9383-3E2BA9239C28}.Debug|Any CPU.Build.0 = Debug|Any CPU
		{FC5DBE32-BB54-4972-9383-3E2BA9239C28}.Release|Any CPU.ActiveCfg = Release|Any CPU
		{FC5DBE32-BB54-4972-9383-3E2BA9239C28}.Release|Any CPU.Build.0 = Release|Any CPU
	EndGlobalSection
	GlobalSection(SolutionProperties) = preSolution
		HideSolutionNode = FALSE
	EndGlobalSection
	GlobalSection(ExtensibilityGlobals) = postSolution
		SolutionGuid = {CD5B2039-B8BE-44AE-AA3F-B0ACA61C3934}
	EndGlobalSection
EndGlobal
